
Microsoft Visual Studio Solution File, Format Version 12.00
# Visual Studio Version 16
VisualStudioVersion = 16.0.29201.188
MinimumVisualStudioVersion = 10.0.40219.1
Project("{FAE04EC0-301F-11D3-BF4B-00C04F79EFBC}") = "NotepadCSharp", "NotepadCSharp\NotepadCSharp.csproj", "{9839D80A-B09D-4623-B2FF-3901A12E8DB3}"
EndProject
Global
	GlobalSection(SolutionConfigurationPlatforms) = preSolution
		Debug|Any CPU = Debug|Any CPU
		Release|Any CPU = Release|Any CPU
	EndGlobalSection
	GlobalSection(ProjectConfigurationPlatforms) = postSolution
		{9839D80A-B09D-4623-B2FF-3901A12E8DB3}.Debug|Any CPU.ActiveCfg = Debug|Any CPU
		{9839D80A-B09D-4623-B2FF-3901A12E8DB3}.Debug|Any CPU.Build.0 = Debug|Any CPU
		{9839D80A-B09D-4623-B2FF-3901A12E8DB3}.Release|Any CPU.ActiveCfg = Release|Any CPU
		{9839D80A-B09D-4623-B2FF-3901A12E8DB3}.Release|Any CPU.Build.0 = Release|Any CPU
	EndGlobalSection
	GlobalSection(SolutionProperties) = preSolution
		HideSolutionNode = FALSE
	EndGlobalSection
	GlobalSection(ExtensibilityGlobals) = postSolution
		SolutionGuid = {29B89B93-C047-4189-AC2D-08624505C0FF}
	EndGlobalSection
EndGlobal
